# This file is autogenerated, do not edit; changes may be undone by the next 'dep ensure'.


[[projects]]
  branch = "master"
  digest = "1:6da51e5ec493ad2b44cb04129e2d0a068c8fb9bd6cb5739d199573558696bb94"
  name = "github.com/Azure/go-ansiterm"
  packages = [
    ".",
    "winterm",
  ]
  pruneopts = "UT"
  revision = "d6e3b3328b783f23731bc4d058875b0371ff8109"

[[projects]]
  digest = "1:ffe9824d294da03b391f44e1ae8281281b4afc1bdaa9588c9097785e3af10cec"
  name = "github.com/davecgh/go-spew"
  packages = ["spew"]
  pruneopts = "UT"
  revision = "8991bc29aa16c548c550c7ff78260e27b9ab7c73"
  version = "v1.1.1"

[[projects]]
  branch = "master"
  digest = "1:618088ed2430f7a9a512450ef40434ae58c41d231dfd1de3105130784094063f"
  name = "github.com/docker/docker"
  packages = [
    "pkg/term",
    "pkg/term/windows",
  ]
  pruneopts = "UT"
  revision = "901d30b6b4b7f2ceaf289e4fc88d01d8d281520b"

[[projects]]
  digest = "1:9377674d33e2408feb2a3566d5463b2d5f65b3cb0c939d6ae19ba37fe4d4d9cf"
  name = "github.com/docker/machine"
  packages = [
    "libmachine/drivers",
    "libmachine/drivers/plugin",
    "libmachine/drivers/plugin/localbinary",
    "libmachine/drivers/rpc",
    "libmachine/log",
    "libmachine/mcnflag",
    "libmachine/mcnutils",
    "libmachine/ssh",
    "libmachine/state",
    "libmachine/version",
    "version",
  ]
  pruneopts = "UT"
  revision = "cce350d75c529cf6e77328d9dd0477357e04a776"
  version = "v0.16.1"

[[projects]]
  digest = "1:31e761d97c76151dde79e9d28964a812c46efc5baee4085b86f68f0c654450de"
  name = "github.com/konsorten/go-windows-terminal-sequences"
  packages = ["."]
  pruneopts = "UT"
  revision = "f55edac94c9bbba5d6182a4be46d86a2c9b5b50e"
  version = "v1.0.2"

[[projects]]
  digest = "1:0028cb19b2e4c3112225cd871870f2d9cf49b9b4276531f03438a88e94be86fe"
  name = "github.com/pmezard/go-difflib"
  packages = ["difflib"]
  pruneopts = "UT"
  revision = "792786c7400a136282c1664665ae0a8db921c6c2"
  version = "v1.0.0"

[[projects]]
  digest = "1:fd61cf4ae1953d55df708acb6b91492d538f49c305b364a014049914495db426"
  name = "github.com/sirupsen/logrus"
  packages = ["."]
  pruneopts = "UT"
  revision = "8bdbc7bcc01dcbb8ec23dc8a28e332258d25251f"
  version = "v1.4.1"

[[projects]]
  digest = "1:972c2427413d41a1e06ca4897e8528e5a1622894050e2f527b38ddf0f343f759"
  name = "github.com/stretchr/testify"
  packages = ["assert"]
  pruneopts = "UT"
  revision = "ffdc059bfe9ce6a4e144ba849dbedead332c6053"
  version = "v1.3.0"

[[projects]]
  branch = "master"
  digest = "1:2ea2e4f68f5aabac1e3026fc293d7248e084c66d4e094de70ae23852745425f6"
  name = "github.com/zhaog918/docker-machine-driver-fusion"
  packages = ["drivers/fusion"]
  pruneopts = "UT"
  revision = "2a31c2af2ea2742c787e3911d4bcfb9e47b2e003"

[[projects]]
  branch = "master"
  digest = "1:13f3d1b082bd8b53094e9276981c1e6d80371ba8985ace755f00d48ba25ce075"
  name = "golang.org/x/crypto"
  packages = [
    "curve25519",
    "ed25519",
    "ed25519/internal/edwards25519",
    "internal/chacha20",
    "internal/subtle",
    "poly1305",
    "ssh",
    "ssh/terminal",
  ]
  pruneopts = "UT"
  revision = "4def268fd1a49955bfb3dda92fe3db4f924f2285"

[[projects]]
  branch = "master"
  digest = "1:afce8593ac5918df05a46499b04b8c4e46a91e99566055e4a8ba829a8f389a09"
  name = "golang.org/x/sys"
  packages = [
    "cpu",
    "unix",
    "windows",
  ]
  pruneopts = "UT"
  revision = "51ab0e2deafac1f46c46ad59cf0921be2f180c3d"

[solve-meta]
  analyzer-name = "dep"
  analyzer-version = 1
  input-imports = [
    "github.com/docker/machine/libmachine/drivers",
    "github.com/docker/machine/libmachine/drivers/plugin",
    "github.com/docker/machine/libmachine/log",
    "github.com/docker/machine/libmachine/mcnflag",
    "github.com/docker/machine/libmachine/mcnutils",
    "github.com/docker/machine/libmachine/ssh",
    "github.com/docker/machine/libmachine/state",
    "github.com/stretchr/testify/assert",
    "github.com/zhaog918/docker-machine-driver-fusion/drivers/fusion",
    "golang.org/x/crypto/ssh",
  ]
  solver-name = "gps-cdcl"
  solver-version = 1
